
Microsoft Visual Studio Solution File, Format Version 12.00
# Visual Studio 2012
Project("{FAE04EC0-301F-11D3-BF4B-00C04F79EFBC}") = "Wpf_IntercambioDeDatos", "Wpf_IntercambioDeDatos\Wpf_IntercambioDeDatos.csproj", "{04D4F9DD-9441-4BE5-88ED-200568A0689B}"
EndProject
Global
	GlobalSection(SolutionConfigurationPlatforms) = preSolution
		Debug|Any CPU = Debug|Any CPU
		Release|Any CPU = Release|Any CPU
	EndGlobalSection
	GlobalSection(ProjectConfigurationPlatforms) = postSolution
		{04D4F9DD-9441-4BE5-88ED-200568A0689B}.Debug|Any CPU.ActiveCfg = Debug|Any CPU
		{04D4F9DD-9441-4BE5-88ED-200568A0689B}.Debug|Any CPU.Build.0 = Debug|Any CPU
		{04D4F9DD-9441-4BE5-88ED-200568A0689B}.Release|Any CPU.ActiveCfg = Release|Any CPU
		{04D4F9DD-9441-4BE5-88ED-200568A0689B}.Release|Any CPU.Build.0 = Release|Any CPU
	EndGlobalSection
	GlobalSection(SolutionProperties) = preSolution
		HideSolutionNode = FALSE
	EndGlobalSection
EndGlobal
